dependencies:
  espressif/button:
    component_hash: 4ed25fcf354b48aa5e5680b9e7549e38d7738f9b613c94a2e39119c100db9c95
    dependencies:
    - name: espressif/cmake_utilities
      registry_url: https://components.espressif.com
      require: private
      version: '*'
    - name: idf
      require: private
      version: '>=4.0'
    source:
      registry_url: https://components.espressif.com/
      type: service
    version: 4.1.4
  espressif/cmake_utilities:
    component_hash: 05165f30922b422b4b90c08845e6d449329b97370fbd06309803d8cb539d79e3
    dependencies:
    - name: idf
      require: private
      version: '>=4.1'
    source:
      registry_url: https://components.espressif.com
      type: service
    version: 1.1.1
  idf:
    source:
      type: idf
    version: 5.5.1
  nikas-belogolov/nanopb:
    component_hash: 6ab5c72064ab6a748ad72528f007f87c7a090a893eb22fa9af5b6f112259b8c9
    dependencies:
    - name: idf
      require: private
      version: '>=5.0'
    source:
      registry_url: https://components.espressif.com/
      type: service
    version: 0.4.10
direct_dependencies:
- espressif/button
- idf
- nikas-belogolov/nanopb
manifest_hash: 721abcd0da57795a9044ab35b0e5f30a9e14f6c23ca653745f1fab2dcdd336b2
target: esp32
version: 2.0.0
